// !$*UTF8*$!
{
	archiveVersion = 1;
	classes = {
	};
	objectVersion = 50;
	objects = {

/* Begin PBXBuildFile section */
		BEE54BAE28092FB800C8695A /* AppDelegate.swift in Sources */ = {isa = PBXBuildFile; fileRef = BEE54BAD28092FB800C8695A /* AppDelegate.swift */; };
		BEE54BB028092FB800C8695A /* SceneDelegate.swift in Sources */ = {isa = PBXBuildFile; fileRef = BEE54BAF28092FB800C8695A /* SceneDelegate.swift */; };
		BEE54BB228092FB800C8695A /* ViewController.swift in Sources */ = {isa = PBXBuildFile; fileRef = BEE54BB128092FB800C8695A /* ViewController.swift */; };
		BEE54BB528092FB800C8695A /* Main.storyboard in Resources */ = {isa = PBXBuildFile; fileRef = BEE54BB328092FB800C8695A /* Main.storyboard */; };
		BEE54BB728092FBA00C8695A /* Assets.xcassets in Resources */ = {isa = PBXBuildFile; fileRef = BEE54BB628092FBA00C8695A /* Assets.xcassets */; };
		BEE54BBA28092FBA00C8695A /* LaunchScreen.storyboard in Resources */ = {isa = PBXBuildFile; fileRef = BEE54BB828092FBA00C8695A /* LaunchScreen.storyboard */; };
		BEE54BC7280939BA00C8695A /* ViewModel.swift in Sources */ = {isa = PBXBuildFile; fileRef = BEE54BC6280939BA00C8695A /* ViewModel.swift */; };
		BEE54BD12809461300C8695A /* SectionHeaderView.swift in Sources */ = {isa = PBXBuildFile; fileRef = BEE54BD02809461300C8695A /* SectionHeaderView.swift */; };
		BEE54BD4280948B600C8695A /* ItemViewCell.swift in Sources */ = {isa = PBXBuildFile; fileRef = BEE54BD3280948B600C8695A /* ItemViewCell.swift */; };
/* End PBXBuildFile section */

/* Begin PBXFileReference section */
		BEE54BAA28092FB800C8695A /* Yuppies Tech.app */ = {isa = PBXFileReference; explicitFileType = wrapper.application; includeInIndex = 0; path = "Yuppies Tech.app"; sourceTree = BUILT_PRODUCTS_DIR; };
		BEE54BAD28092FB800C8695A /* AppDelegate.swift */ = {isa = PBXFileReference; lastKnownFileType = sourcecode.swift; path = AppDelegate.swift; sourceTree = "<group>"; };
		BEE54BAF28092FB800C8695A /* SceneDelegate.swift */ = {isa = PBXFileReference; lastKnownFileType = sourcecode.swift; path = SceneDelegate.swift; sourceTree = "<group>"; };
		BEE54BB128092FB800C8695A /* ViewController.swift */ = {isa = PBXFileReference; lastKnownFileType = sourcecode.swift; path = ViewController.swift; sourceTree = "<group>"; };
		BEE54BB428092FB800C8695A /* Base */ = {isa = PBXFileReference; lastKnownFileType = file.storyboard; name = Base; path = Base.lproj/Main.storyboard; sourceTree = "<group>"; };
		BEE54BB628092FBA00C8695A /* Assets.xcassets */ = {isa = PBXFileReference; lastKnownFileType = folder.assetcatalog; path = Assets.xcassets; sourceTree = "<group>"; };
		BEE54BB928092FBA00C8695A /* Base */ = {isa = PBXFileReference; lastKnownFileType = file.storyboard; name = Base; path = Base.lproj/LaunchScreen.storyboard; sourceTree = "<group>"; };
		BEE54BBB28092FBA00C8695A /* Info.plist */ = {isa = PBXFileReference; lastKnownFileType = text.plist.xml; path = Info.plist; sourceTree = "<group>"; };
		BEE54BC6280939BA00C8695A /* ViewModel.swift */ = {isa = PBXFileReference; lastKnownFileType = sourcecode.swift; path = ViewModel.swift; sourceTree = "<group>"; };
		BEE54BD02809461300C8695A /* SectionHeaderView.swift */ = {isa = PBXFileReference; lastKnownFileType = sourcecode.swift; path = SectionHeaderView.swift; sourceTree = "<group>"; };
		BEE54BD3280948B600C8695A /* ItemViewCell.swift */ = {isa = PBXFileReference; lastKnownFileType = sourcecode.swift; path = ItemViewCell.swift; sourceTree = "<group>"; };
/* End PBXFileReference section */

/* Begin PBXFrameworksBuildPhase section */
		BEE54BA728092FB800C8695A /* Frameworks */ = {
			isa = PBXFrameworksBuildPhase;
			buildActionMask = 2147483647;
			files = (
			);
			runOnlyForDeploymentPostprocessing = 0;
		};
/* End PBXFrameworksBuildPhase section */

/* Begin PBXGroup section */
		BEE54BA128092FB800C8695A = {
			isa = PBXGroup;
			children = (
				BEE54BAC28092FB800C8695A /* Yuppies Tech */,
				BEE54BAB28092FB800C8695A /* Products */,
			);
			sourceTree = "<group>";
		};
		BEE54BAB28092FB800C8695A /* Products */ = {
			isa = PBXGroup;
			children = (
				BEE54BAA28092FB800C8695A /* Yuppies Tech.app */,
			);
			name = Products;
			sourceTree = "<group>";
		};
		BEE54BAC28092FB800C8695A /* Yuppies Tech */ = {
			isa = PBXGroup;
			children = (
				BEE54BAD28092FB800C8695A /* AppDelegate.swift */,
				BEE54BAF28092FB800C8695A /* SceneDelegate.swift */,
				BEE54BCB28093A0200C8695A /* ViewModels */,
				BEE54BCA280939F900C8695A /* Views */,
				BEE54BC9280939D900C8695A /* Resources */,
				BEE54BBB28092FBA00C8695A /* Info.plist */,
			);
			path = "Yuppies Tech";
			sourceTree = "<group>";
		};
		BEE54BC9280939D900C8695A /* Resources */ = {
			isa = PBXGroup;
			children = (
				BEE54BB328092FB800C8695A /* Main.storyboard */,
				BEE54BB628092FBA00C8695A /* Assets.xcassets */,
				BEE54BB828092FBA00C8695A /* LaunchScreen.storyboard */,
			);
			path = Resources;
			sourceTree = "<group>";
		};
		BEE54BCA280939F900C8695A /* Views */ = {
			isa = PBXGroup;
			children = (
				BEE54BB128092FB800C8695A /* ViewController.swift */,
				BEE54BD02809461300C8695A /* SectionHeaderView.swift */,
				BEE54BD3280948B600C8695A /* ItemViewCell.swift */,
			);
			path = Views;
			sourceTree = "<group>";
		};
		BEE54BCB28093A0200C8695A /* ViewModels */ = {
			isa = PBXGroup;
			children = (
				BEE54BC6280939BA00C8695A /* ViewModel.swift */,
			);
			path = ViewModels;
			sourceTree = "<group>";
		};
/* End PBXGroup section */

/* Begin PBXNativeTarget section */
		BEE54BA928092FB800C8695A /* Yuppies Tech */ = {
			isa = PBXNativeTarget;
			buildConfigurationList = BEE54BBE28092FBA00C8695A /* Build configuration list for PBXNativeTarget "Yuppies Tech" */;
			buildPhases = (
				BEE54BA628092FB800C8695A /* Sources */,
				BEE54BA728092FB800C8695A /* Frameworks */,
				BEE54BA828092FB800C8695A /* Resources */,
			);
			buildRules = (
			);
			dependencies = (
			);
			name = "Yuppies Tech";
			productName = "Yuppies Tech";
			productReference = BEE54BAA28092FB800C8695A /* Yuppies Tech.app */;
			productType = "com.apple.product-type.application";
		};
/* End PBXNativeTarget section */

/* Begin PBXProject section */
		BEE54BA228092FB800C8695A /* Project object */ = {
			isa = PBXProject;
			attributes = {
				LastSwiftUpdateCheck = 1240;
				LastUpgradeCheck = 1240;
				TargetAttributes = {
					BEE54BA928092FB800C8695A = {
						CreatedOnToolsVersion = 12.4;
					};
				};
			};
			buildConfigurationList = BEE54BA528092FB800C8695A /* Build configuration list for PBXProject "Yuppies Tech" */;
			compatibilityVersion = "Xcode 9.3";
			developmentRegion = en;
			hasScannedForEncodings = 0;
			knownRegions = (
				en,
				Base,
			);
			mainGroup = BEE54BA128092FB800C8695A;
			productRefGroup = BEE54BAB28092FB800C8695A /* Products */;
			projectDirPath = "";
			projectRoot = "";
			targets = (
				BEE54BA928092FB800C8695A /* Yuppies Tech */,
			);
		};
/* End PBXProject section */

/* Begin PBXResourcesBuildPhase section */
		BEE54BA828092FB800C8695A /* Resources */ = {
			isa = PBXResourcesBuildPhase;
			buildActionMask = 2147483647;
			files = (
				BEE54BBA28092FBA00C8695A /* LaunchScreen.storyboard in Resources */,
				BEE54BB728092FBA00C8695A /* Assets.xcassets in Resources */,
				BEE54BB528092FB800C8695A /* Main.storyboard in Resources */,
			);
			runOnlyForDeploymentPostprocessing = 0;
		};
/* End PBXResourcesBuildPhase section */

/* Begin PBXSourcesBuildPhase section */
		BEE54BA628092FB800C8695A /* Sources */ = {
			isa = PBXSourcesBuildPhase;
			buildActionMask = 2147483647;
			files = (
				BEE54BB228092FB800C8695A /* ViewController.swift in Sources */,
				BEE54BAE28092FB800C8695A /* AppDelegate.swift in Sources */,
				BEE54BD12809461300C8695A /* SectionHeaderView.swift in Sources */,
				BEE54BD4280948B600C8695A /* ItemViewCell.swift in Sources */,
				BEE54BC7280939BA00C8695A /* ViewModel.swift in Sources */,
				BEE54BB028092FB800C8695A /* SceneDelegate.swift in Sources */,
			);
			runOnlyForDeploymentPostprocessing = 0;
		};
/* End PBXSourcesBuildPhase section */

/* Begin PBXVariantGroup section */
		BEE54BB328092FB800C8695A /* Main.storyboard */ = {
			isa = PBXVariantGroup;
			children = (
				BEE54BB428092FB800C8695A /* Base */,
			);
			name = Main.storyboard;
			sourceTree = "<group>";
		};
		BEE54BB828092FBA00C8695A /* LaunchScreen.storyboard */ = {
			isa = PBXVariantGroup;
			children = (
				BEE54BB928092FBA00C8695A /* Base */,
			);
			name = LaunchScreen.storyboard;
			sourceTree = "<group>";
		};
/* End PBXVariantGroup section */

/* Begin XCBuildConfiguration section */
		BEE54BBC28092FBA00C8695A /* Debug */ = {
			isa = XCBuildConfiguration;
			buildSettings = {
				ALWAYS_SEARCH_USER_PATHS = NO;
				CLANG_ANALYZER_NONNULL = YES;
				CLANG_ANALYZER_NUMBER_OBJECT_CONVERSION = YES_AGGRESSIVE;
				CLANG_CXX_LANGUAGE_STANDARD = "gnu++14";
				CLANG_CXX_LIBRARY = "libc++";
				CLANG_ENABLE_MODULES = YES;
				CLANG_ENABLE_OBJC_ARC = YES;
				CLANG_ENABLE_OBJC_WEAK = YES;
				CLANG_WARN_BLOCK_CAPTURE_AUTORELEASING = YES;
				CLANG_WARN_BOOL_CONVERSION = YES;
				CLANG_WARN_COMMA = YES;
				CLANG_WARN_CONSTANT_CONVERSION = YES;
				CLANG_WARN_DEPRECATED_OBJC_IMPLEMENTATIONS = YES;
				CLANG_WARN_DIRECT_OBJC_ISA_USAGE = YES_ERROR;
				CLANG_WARN_DOCUMENTATION_COMMENTS = YES;
				CLANG_WARN_EMPTY_BODY = YES;
				CLANG_WARN_ENUM_CONVERSION = YES;
				CLANG_WARN_INFINITE_RECURSION = YES;
				CLANG_WARN_INT_CONVERSION = YES;
				CLANG_WARN_NON_LITERAL_NULL_CONVERSION = YES;
				CLANG_WARN_OBJC_IMPLICIT_RETAIN_SELF = YES;
				CLANG_WARN_OBJC_LITERAL_CONVERSION = YES;
				CLANG_WARN_OBJC_ROOT_CLASS = YES_ERROR;
				CLANG_WARN_QUOTED_INCLUDE_IN_FRAMEWORK_HEADER = YES;
				CLANG_WARN_RANGE_LOOP_ANALYSIS = YES;
				CLANG_WARN_STRICT_PROTOTYPES = YES;
				CLANG_WARN_SUSPICIOUS_MOVE = YES;
				CLANG_WARN_UNGUARDED_AVAILABILITY = YES_AGGRESSIVE;
				CLANG_WARN_UNREACHABLE_CODE = YES;
				CLANG_WARN__DUPLICATE_METHOD_MATCH = YES;
				COPY_PHASE_STRIP = NO;
				DEBUG_INFORMATION_FORMAT = dwarf;
				ENABLE_STRICT_OBJC_MSGSEND = YES;
				ENABLE_TESTABILITY = YES;
				GCC_C_LANGUAGE_STANDARD = gnu11;
				GCC_DYNAMIC_NO_PIC = NO;
				GCC_NO_COMMON_BLOCKS = YES;
				GCC_OPTIMIZATION_LEVEL = 0;
				GCC_PREPROCESSOR_DEFINITIONS = (
					"DEBUG=1",
					"$(inherited)",
				);
				GCC_WARN_64_TO_32_BIT_CONVERSION = YES;
				GCC_WARN_ABOUT_RETURN_TYPE = YES_ERROR;
				GCC_WARN_UNDECLARED_SELECTOR = YES;
				GCC_WARN_UNINITIALIZED_AUTOS = YES_AGGRESSIVE;
				GCC_WARN_UNUSED_FUNCTION = YES;
				GCC_WARN_UNUSED_VARIABLE = YES;
				IPHONEOS_DEPLOYMENT_TARGET = 14.4;
				MTL_ENABLE_DEBUG_INFO = INCLUDE_SOURCE;
				MTL_FAST_MATH = YES;
				ONLY_ACTIVE_ARCH = YES;
				SDKROOT = iphoneos;
				SWIFT_ACTIVE_COMPILATION_CONDITIONS = DEBUG;
				SWIFT_OPTIMIZATION_LEVEL = "-Onone";
			};
			name = Debug;
		};
		BEE54BBD28092FBA00C8695A /* Release */ = {
			isa = XCBuildConfiguration;
			buildSettings = {
				ALWAYS_SEARCH_USER_PATHS = NO;
				CLANG_ANALYZER_NONNULL = YES;
				CLANG_ANALYZER_NUMBER_OBJECT_CONVERSION = YES_AGGRESSIVE;
				CLANG_CXX_LANGUAGE_STANDARD = "gnu++14";
				CLANG_CXX_LIBRARY = "libc++";
				CLANG_ENABLE_MODULES = YES;
				CLANG_ENABLE_OBJC_ARC = YES;
				CLANG_ENABLE_OBJC_WEAK = YES;
				CLANG_WARN_BLOCK_CAPTURE_AUTORELEASING = YES;
				CLANG_WARN_BOOL_CONVERSION = YES;
				CLANG_WARN_COMMA = YES;
				CLANG_WARN_CONSTANT_CONVERSION = YES;
				CLANG_WARN_DEPRECATED_OBJC_IMPLEMENTATIONS = YES;
				CLANG_WARN_DIRECT_OBJC_ISA_USAGE = YES_ERROR;
				CLANG_WARN_DOCUMENTATION_COMMENTS = YES;
				CLANG_WARN_EMPTY_BODY = YES;
				CLANG_WARN_ENUM_CONVERSION = YES;
				CLANG_WARN_INFINITE_RECURSION = YES;
				CLANG_WARN_INT_CONVERSION = YES;
				CLANG_WARN_NON_LITERAL_NULL_CONVERSION = YES;
				CLANG_WARN_OBJC_IMPLICIT_RETAIN_SELF = YES;
				CLANG_WARN_OBJC_LITERAL_CONVERSION = YES;
				CLANG_WARN_OBJC_ROOT_CLASS = YES_ERROR;
				CLANG_WARN_QUOTED_INCLUDE_IN_FRAMEWORK_HEADER = YES;
				CLANG_WARN_RANGE_LOOP_ANALYSIS = YES;
				CLANG_WARN_STRICT_PROTOTYPES = YES;
				CLANG_WARN_SUSPICIOUS_MOVE = YES;
				CLANG_WARN_UNGUARDED_AVAILABILITY = YES_AGGRESSIVE;
				CLANG_WARN_UNREACHABLE_CODE = YES;
				CLANG_WARN__DUPLICATE_METHOD_MATCH = YES;
				COPY_PHASE_STRIP = NO;
				DEBUG_INFORMATION_FORMAT = "dwarf-with-dsym";
				ENABLE_NS_ASSERTIONS = NO;
				ENABLE_STRICT_OBJC_MSGSEND = YES;
				GCC_C_LANGUAGE_STANDARD = gnu11;
				GCC_NO_COMMON_BLOCKS = YES;
				GCC_WARN_64_TO_32_BIT_CONVERSION = YES;
				GCC_WARN_ABOUT_RETURN_TYPE = YES_ERROR;
				GCC_WARN_UNDECLARED_SELECTOR = YES;
				GCC_WARN_UNINITIALIZED_AUTOS = YES_AGGRESSIVE;
				GCC_WARN_UNUSED_FUNCTION = YES;
				GCC_WARN_UNUSED_VARIABLE = YES;
				IPHONEOS_DEPLOYMENT_TARGET = 14.4;
				MTL_ENABLE_DEBUG_INFO = NO;
				MTL_FAST_MATH = YES;
				SDKROOT = iphoneos;
				SWIFT_COMPILATION_MODE = wholemodule;
				SWIFT_OPTIMIZATION_LEVEL = "-O";
				VALIDATE_PRODUCT = YES;
			};
			name = Release;
		};
		BEE54BBF28092FBA00C8695A /* Debug */ = {
			isa = XCBuildConfiguration;
			buildSettings = {
				ASSETCATALOG_COMPILER_APPICON_NAME = AppIcon;
				ASSETCATALOG_COMPILER_GLOBAL_ACCENT_COLOR_NAME = AccentColor;
				CODE_SIGN_STYLE = Automatic;
				INFOPLIST_FILE = "Yuppies Tech/Info.plist";
				LD_RUNPATH_SEARCH_PATHS = (
					"$(inherited)",
					"@executable_path/Frameworks",
				);
				PRODUCT_BUNDLE_IDENTIFIER = "com.yuppiestech.Yuppies-Tech";
				PRODUCT_NAME = "$(TARGET_NAME)";
				SWIFT_VERSION = 5.0;
				TARGETED_DEVICE_FAMILY = "1,2";
			};
			name = Debug;
		};
		BEE54BC028092FBA00C8695A /* Release */ = {
			isa = XCBuildConfiguration;
			buildSettings = {
				ASSETCATALOG_COMPILER_APPICON_NAME = AppIcon;
				ASSETCATALOG_COMPILER_GLOBAL_ACCENT_COLOR_NAME = AccentColor;
				CODE_SIGN_STYLE = Automatic;
				INFOPLIST_FILE = "Yuppies Tech/Info.plist";
				LD_RUNPATH_SEARCH_PATHS = (
					"$(inherited)",
					"@executable_path/Frameworks",
				);
				PRODUCT_BUNDLE_IDENTIFIER = "com.yuppiestech.Yuppies-Tech";
				PRODUCT_NAME = "$(TARGET_NAME)";
				SWIFT_VERSION = 5.0;
				TARGETED_DEVICE_FAMILY = "1,2";
			};
			name = Release;
		};
/* End XCBuildConfiguration section */

/* Begin XCConfigurationList section */
		BEE54BA528092FB800C8695A /* Build configuration list for PBXProject "Yuppies Tech" */ = {
			isa = XCConfigurationList;
			buildConfigurations = (
				BEE54BBC28092FBA00C8695A /* Debug */,
				BEE54BBD28092FBA00C8695A /* Release */,
			);
			defaultConfigurationIsVisible = 0;
			defaultConfigurationName = Release;
		};
		BEE54BBE28092FBA00C8695A /* Build configuration list for PBXNativeTarget "Yuppies Tech" */ = {
			isa = XCConfigurationList;
			buildConfigurations = (
				BEE54BBF28092FBA00C8695A /* Debug */,
				BEE54BC028092FBA00C8695A /* Release */,
			);
			defaultConfigurationIsVisible = 0;
			defaultConfigurationName = Release;
		};
/* End XCConfigurationList section */
	};
	rootObject = BEE54BA228092FB800C8695A /* Project object */;
}
